
Microsoft Visual Studio Solution File, Format Version 12.00
# Visual Studio Version 17
VisualStudioVersion = 17.2.32505.173
MinimumVisualStudioVersion = 10.0.40219.1
Project("{9A19103F-16F7-4668-BE54-9A1E7A4F7556}") = "DemoPE.Web", "DemoPE.Web\DemoPE.Web.csproj", "{2DA0E9EB-3936-46BD-9462-DAE6756FD61A}"
EndProject
Project("{9A19103F-16F7-4668-BE54-9A1E7A4F7556}") = "DemoPE.BusinessTier", "DemoPE.BusinessTier\DemoPE.BusinessTier.csproj", "{998AB7BE-79DC-409F-B2D7-7BAFADED5B85}"
EndProject
Project("{9A19103F-16F7-4668-BE54-9A1E7A4F7556}") = "DemoPE.DataTier", "DemoPE.DataTier\DemoPE.DataTier.csproj", "{FC09E00C-0637-4280-85FA-4DACD015C1DD}"
EndProject
Global
	GlobalSection(SolutionConfigurationPlatforms) = preSolution
		Debug|Any CPU = Debug|Any CPU
		Release|Any CPU = Release|Any CPU
	EndGlobalSection
	GlobalSection(ProjectConfigurationPlatforms) = postSolution
		{2DA0E9EB-3936-46BD-9462-DAE6756FD61A}.Debug|Any CPU.ActiveCfg = Debug|Any CPU
		{2DA0E9EB-3936-46BD-9462-DAE6756FD61A}.Debug|Any CPU.Build.0 = Debug|Any CPU
		{2DA0E9EB-3936-46BD-9462-DAE6756FD61A}.Release|Any CPU.ActiveCfg = Release|Any CPU
		{2DA0E9EB-3936-46BD-9462-DAE6756FD61A}.Release|Any CPU.Build.0 = Release|Any CPU
		{998AB7BE-79DC-409F-B2D7-7BAFADED5B85}.Debug|Any CPU.ActiveCfg = Debug|Any CPU
		{998AB7BE-79DC-409F-B2D7-7BAFADED5B85}.Debug|Any CPU.Build.0 = Debug|Any CPU
		{998AB7BE-79DC-409F-B2D7-7BAFADED5B85}.Release|Any CPU.ActiveCfg = Release|Any CPU
		{998AB7BE-79DC-409F-B2D7-7BAFADED5B85}.Release|Any CPU.Build.0 = Release|Any CPU
		{FC09E00C-0637-4280-85FA-4DACD015C1DD}.Debug|Any CPU.ActiveCfg = Debug|Any CPU
		{FC09E00C-0637-4280-85FA-4DACD015C1DD}.Debug|Any CPU.Build.0 = Debug|Any CPU
		{FC09E00C-0637-4280-85FA-4DACD015C1DD}.Release|Any CPU.ActiveCfg = Release|Any CPU
		{FC09E00C-0637-4280-85FA-4DACD015C1DD}.Release|Any CPU.Build.0 = Release|Any CPU
	EndGlobalSection
	GlobalSection(SolutionProperties) = preSolution
		HideSolutionNode = FALSE
	EndGlobalSection
	GlobalSection(ExtensibilityGlobals) = postSolution
		SolutionGuid = {7603DC64-C6EC-47C4-912F-087256C27701}
	EndGlobalSection
EndGlobal
